
Microsoft Visual Studio Solution File, Format Version 12.00
# Visual Studio 15
VisualStudioVersion = 15.0.27004.2010
MinimumVisualStudioVersion = 10.0.40219.1
Project("{8BC9CEB8-8B4A-11D0-8D11-00A0C91BC942}") = "libhackrf", "libhackrf.vcxproj", "{7439E643-0AA8-4448-AC77-8BC315507638}"
EndProject
Project("{8BC9CEB8-8B4A-11D0-8D11-00A0C91BC942}") = "hackrf_ds1374u", "..\hackrf_ds1374u\hackrf_ds1374u.vcxproj", "{5790D3A5-293F-4C1E-82C1-BC1CCAB58FE9}"
EndProject
Global
	GlobalSection(SolutionConfigurationPlatforms) = preSolution
		Debug|x64 = Debug|x64
		Debug|x86 = Debug|x86
		Release|x64 = Release|x64
		Release|x86 = Release|x86
	EndGlobalSection
	GlobalSection(ProjectConfigurationPlatforms) = postSolution
		{7439E643-0AA8-4448-AC77-8BC315507638}.Debug|x64.ActiveCfg = Debug|x64
		{7439E643-0AA8-4448-AC77-8BC315507638}.Debug|x64.Build.0 = Debug|x64
		{7439E643-0AA8-4448-AC77-8BC315507638}.Debug|x86.ActiveCfg = Debug|Win32
		{7439E643-0AA8-4448-AC77-8BC315507638}.Debug|x86.Build.0 = Debug|Win32
		{7439E643-0AA8-4448-AC77-8BC315507638}.Release|x64.ActiveCfg = Release|x64
		{7439E643-0AA8-4448-AC77-8BC315507638}.Release|x64.Build.0 = Release|x64
		{7439E643-0AA8-4448-AC77-8BC315507638}.Release|x86.ActiveCfg = Release|Win32
		{7439E643-0AA8-4448-AC77-8BC315507638}.Release|x86.Build.0 = Release|Win32
		{5790D3A5-293F-4C1E-82C1-BC1CCAB58FE9}.Debug|x64.ActiveCfg = Debug|x64
		{5790D3A5-293F-4C1E-82C1-BC1CCAB58FE9}.Debug|x64.Build.0 = Debug|x64
		{5790D3A5-293F-4C1E-82C1-BC1CCAB58FE9}.Debug|x86.ActiveCfg = Debug|Win32
		{5790D3A5-293F-4C1E-82C1-BC1CCAB58FE9}.Debug|x86.Build.0 = Debug|Win32
		{5790D3A5-293F-4C1E-82C1-BC1CCAB58FE9}.Release|x64.ActiveCfg = Release|x64
		{5790D3A5-293F-4C1E-82C1-BC1CCAB58FE9}.Release|x64.Build.0 = Release|x64
		{5790D3A5-293F-4C1E-82C1-BC1CCAB58FE9}.Release|x86.ActiveCfg = Release|Win32
		{5790D3A5-293F-4C1E-82C1-BC1CCAB58FE9}.Release|x86.Build.0 = Release|Win32
	EndGlobalSection
	GlobalSection(SolutionProperties) = preSolution
		HideSolutionNode = FALSE
	EndGlobalSection
	GlobalSection(ExtensibilityGlobals) = postSolution
		SolutionGuid = {43156163-62C4-4252-BFE2-D325C05C9EE1}
	EndGlobalSection
EndGlobal
